{
  "version": 4,
  "terraform_version": "0.12.20",
  "serial": 48,
  "lineage": "f6fce184-186f-a010-6149-27231a53edf9",
  "outputs": {},
  "resources": [
    {
      "mode": "data",
      "type": "aws_caller_identity",
      "name": "current",
      "provider": "provider.aws",
      "instances": [
        {
          "schema_version": 0,
          "attributes": {
            "account_id": "838083752119",
            "arn": "arn:aws:iam::838083752119:user/admin",
            "id": "2020-01-28 17:41:56.177398 +0000 UTC",
            "user_id": "AIDA4GINPGC326YLD7QN4"
          }
        }
      ]
    },
    {
      "mode": "data",
      "type": "aws_region",
      "name": "current",
      "provider": "provider.aws",
      "instances": [
        {
          "schema_version": 0,
          "attributes": {
            "current": null,
            "description": "EU (London)",
            "endpoint": "ec2.eu-west-2.amazonaws.com",
            "id": "eu-west-2",
            "name": "eu-west-2"
          }
        }
      ]
    },
    {
      "mode": "managed",
      "type": "aws_api_gateway_deployment",
      "name": "rubber-stamp-deployment",
      "provider": "provider.aws",
      "instances": [
        {
          "schema_version": 0,
          "attributes": {
            "created_date": "2020-01-28T17:42:31Z",
            "description": "",
            "execution_arn": "arn:aws:execute-api:eu-west-2:838083752119:t5rocjdrj3/prod",
            "id": "8tmpza",
            "invoke_url": "https://t5rocjdrj3.execute-api.eu-west-2.amazonaws.com/prod",
            "rest_api_id": "t5rocjdrj3",
            "stage_description": null,
            "stage_name": "prod",
            "variables": null
          },
          "private": "bnVsbA==",
          "dependencies": [
            "aws_api_gateway_integration.approved-integration",
            "aws_api_gateway_integration.welcome-integration",
            "aws_api_gateway_rest_api.api"
          ]
        }
      ]
    },
    {
      "mode": "managed",
      "type": "aws_api_gateway_integration",
      "name": "approved-integration",
      "provider": "provider.aws",
      "instances": [
        {
          "schema_version": 0,
          "attributes": {
            "cache_key_parameters": [],
            "cache_namespace": "qijkqm",
            "connection_id": "",
            "connection_type": "INTERNET",
            "content_handling": "",
            "credentials": "",
            "http_method": "GET",
            "id": "agi-t5rocjdrj3-qijkqm-GET",
            "integration_http_method": "POST",
            "passthrough_behavior": "WHEN_NO_MATCH",
            "request_parameters": {},
            "request_parameters_in_json": null,
            "request_templates": {},
            "resource_id": "qijkqm",
            "rest_api_id": "t5rocjdrj3",
            "timeout_milliseconds": 29000,
            "type": "AWS_PROXY",
            "uri": "arn:aws:apigateway:eu-west-2:lambda:path/2015-03-31/functions/arn:aws:lambda:eu-west-2:838083752119:function:rs-welcome/invocations"
          },
          "private": "bnVsbA==",
          "dependencies": [
            "aws_api_gateway_method.get-approved",
            "aws_api_gateway_resource.approved",
            "aws_api_gateway_rest_api.api",
            "aws_iam_role.lambda_role",
            "aws_lambda_function.lambda_welcome"
          ]
        }
      ]
    },
    {
      "mode": "managed",
      "type": "aws_api_gateway_integration",
      "name": "welcome-integration",
      "provider": "provider.aws",
      "instances": [
        {
          "schema_version": 0,
          "attributes": {
            "cache_key_parameters": [],
            "cache_namespace": "m11pqy",
            "connection_id": "",
            "connection_type": "INTERNET",
            "content_handling": "",
            "credentials": "",
            "http_method": "GET",
            "id": "agi-t5rocjdrj3-m11pqy-GET",
            "integration_http_method": "POST",
            "passthrough_behavior": "WHEN_NO_MATCH",
            "request_parameters": {},
            "request_parameters_in_json": null,
            "request_templates": {},
            "resource_id": "m11pqy",
            "rest_api_id": "t5rocjdrj3",
            "timeout_milliseconds": 29000,
            "type": "AWS_PROXY",
            "uri": "arn:aws:apigateway:eu-west-2:lambda:path/2015-03-31/functions/arn:aws:lambda:eu-west-2:838083752119:function:rs-welcome/invocations"
          },
          "private": "bnVsbA==",
          "dependencies": [
            "aws_api_gateway_method.get-welcomed",
            "aws_api_gateway_resource.welcome",
            "aws_api_gateway_rest_api.api",
            "aws_iam_role.lambda_role",
            "aws_lambda_function.lambda_welcome"
          ]
        }
      ]
    },
    {
      "mode": "managed",
      "type": "aws_api_gateway_method",
      "name": "get-approved",
      "provider": "provider.aws",
      "instances": [
        {
          "schema_version": 0,
          "attributes": {
            "api_key_required": false,
            "authorization": "NONE",
            "authorization_scopes": [],
            "authorizer_id": "",
            "http_method": "GET",
            "id": "agm-t5rocjdrj3-qijkqm-GET",
            "request_models": {},
            "request_parameters": {},
            "request_parameters_in_json": null,
            "request_validator_id": "",
            "resource_id": "qijkqm",
            "rest_api_id": "t5rocjdrj3"
          },
          "private": "bnVsbA==",
          "dependencies": [
            "aws_api_gateway_resource.approved",
            "aws_api_gateway_rest_api.api"
          ]
        }
      ]
    },
    {
      "mode": "managed",
      "type": "aws_api_gateway_method",
      "name": "get-welcomed",
      "provider": "provider.aws",
      "instances": [
        {
          "schema_version": 0,
          "attributes": {
            "api_key_required": false,
            "authorization": "NONE",
            "authorization_scopes": [],
            "authorizer_id": "",
            "http_method": "GET",
            "id": "agm-t5rocjdrj3-m11pqy-GET",
            "request_models": {},
            "request_parameters": {},
            "request_parameters_in_json": null,
            "request_validator_id": "",
            "resource_id": "m11pqy",
            "rest_api_id": "t5rocjdrj3"
          },
          "private": "bnVsbA==",
          "dependencies": [
            "aws_api_gateway_resource.welcome",
            "aws_api_gateway_rest_api.api"
          ]
        }
      ]
    },
    {
      "mode": "managed",
      "type": "aws_api_gateway_resource",
      "name": "approved",
      "provider": "provider.aws",
      "instances": [
        {
          "schema_version": 0,
          "attributes": {
            "id": "qijkqm",
            "parent_id": "o5wlnvkath",
            "path": "/approved",
            "path_part": "approved",
            "rest_api_id": "t5rocjdrj3"
          },
          "private": "bnVsbA==",
          "dependencies": [
            "aws_api_gateway_rest_api.api"
          ]
        }
      ]
    },
    {
      "mode": "managed",
      "type": "aws_api_gateway_resource",
      "name": "welcome",
      "provider": "provider.aws",
      "instances": [
        {
          "schema_version": 0,
          "attributes": {
            "id": "m11pqy",
            "parent_id": "o5wlnvkath",
            "path": "/welcome",
            "path_part": "welcome",
            "rest_api_id": "t5rocjdrj3"
          },
          "private": "bnVsbA==",
          "dependencies": [
            "aws_api_gateway_rest_api.api"
          ]
        }
      ]
    },
    {
      "mode": "managed",
      "type": "aws_api_gateway_rest_api",
      "name": "api",
      "provider": "provider.aws",
      "instances": [
        {
          "schema_version": 0,
          "attributes": {
            "api_key_source": "HEADER",
            "arn": "arn:aws:apigateway:eu-west-2::/restapis/t5rocjdrj3",
            "binary_media_types": [],
            "body": null,
            "created_date": "2020-01-28T17:19:52Z",
            "description": "",
            "endpoint_configuration": [
              {
                "types": [
                  "EDGE"
                ],
                "vpc_endpoint_ids": []
              }
            ],
            "execution_arn": "arn:aws:execute-api:eu-west-2:838083752119:t5rocjdrj3",
            "id": "t5rocjdrj3",
            "minimum_compression_size": -1,
            "name": "rubber-stamp",
            "policy": "",
            "root_resource_id": "o5wlnvkath",
            "tags": {}
          },
          "private": "bnVsbA=="
        }
      ]
    },
    {
      "mode": "managed",
      "type": "aws_iam_role",
      "name": "lambda_role",
      "provider": "provider.aws",
      "instances": [
        {
          "schema_version": 0,
          "attributes": {
            "arn": "arn:aws:iam::838083752119:role/rubber-stamp-lambda-execution",
            "assume_role_policy": "{\"Version\":\"2012-10-17\",\"Statement\":[{\"Sid\":\"\",\"Effect\":\"Allow\",\"Principal\":{\"Service\":\"lambda.amazonaws.com\"},\"Action\":\"sts:AssumeRole\"}]}",
            "create_date": "2020-01-28T17:19:52Z",
            "description": "",
            "force_detach_policies": false,
            "id": "rubber-stamp-lambda-execution",
            "max_session_duration": 3600,
            "name": "rubber-stamp-lambda-execution",
            "name_prefix": null,
            "path": "/",
            "permissions_boundary": null,
            "tags": {},
            "unique_id": "AROA4GINPGC3XTDRGHC7A"
          },
          "private": "bnVsbA=="
        }
      ]
    },
    {
      "mode": "managed",
      "type": "aws_iam_role_policy_attachment",
      "name": "lambda-logs",
      "provider": "provider.aws",
      "instances": [
        {
          "schema_version": 0,
          "attributes": {
            "id": "rubber-stamp-lambda-execution-20200128171937418000000001",
            "policy_arn": "arn:aws:iam::aws:policy/service-role/AWSLambdaBasicExecutionRole",
            "role": "rubber-stamp-lambda-execution"
          },
          "private": "bnVsbA==",
          "dependencies": [
            "aws_iam_role.lambda_role"
          ]
        }
      ]
    },
    {
      "mode": "managed",
      "type": "aws_lambda_function",
      "name": "lambda_approved",
      "provider": "provider.aws",
      "instances": [
        {
          "schema_version": 0,
          "attributes": {
            "arn": "arn:aws:lambda:eu-west-2:838083752119:function:rs-approved",
            "dead_letter_config": [],
            "description": "",
            "environment": [],
            "filename": "../lambda/rs-approved/code.zip",
            "function_name": "rs-approved",
            "handler": "index.handler",
            "id": "rs-approved",
            "invoke_arn": "arn:aws:apigateway:eu-west-2:lambda:path/2015-03-31/functions/arn:aws:lambda:eu-west-2:838083752119:function:rs-approved/invocations",
            "kms_key_arn": "",
            "last_modified": "2020-01-28T17:27:10.978+0000",
            "layers": [],
            "memory_size": 128,
            "publish": false,
            "qualified_arn": "arn:aws:lambda:eu-west-2:838083752119:function:rs-approved:$LATEST",
            "reserved_concurrent_executions": -1,
            "role": "arn:aws:iam::838083752119:role/rubber-stamp-lambda-execution",
            "runtime": "nodejs12.x",
            "s3_bucket": null,
            "s3_key": null,
            "s3_object_version": null,
            "source_code_hash": "RHKt2jaOovD1QnK/Z7+tiG7jwXPXtRWVcGHkTuAhL44=",
            "source_code_size": 382,
            "tags": {},
            "timeout": 3,
            "timeouts": null,
            "tracing_config": [
              {
                "mode": "PassThrough"
              }
            ],
            "version": "$LATEST",
            "vpc_config": []
          },
          "private": "eyJlMmJmYjczMC1lY2FhLTExZTYtOGY4OC0zNDM2M2JjN2M0YzAiOnsiY3JlYXRlIjo2MDAwMDAwMDAwMDB9fQ==",
          "dependencies": [
            "aws_iam_role.lambda_role"
          ]
        }
      ]
    },
    {
      "mode": "managed",
      "type": "aws_lambda_function",
      "name": "lambda_welcome",
      "provider": "provider.aws",
      "instances": [
        {
          "schema_version": 0,
          "attributes": {
            "arn": "arn:aws:lambda:eu-west-2:838083752119:function:rs-welcome",
            "dead_letter_config": [],
            "description": "",
            "environment": [],
            "filename": "../lambda/rs-welcome/code.zip",
            "function_name": "rs-welcome",
            "handler": "index.handler",
            "id": "rs-welcome",
            "invoke_arn": "arn:aws:apigateway:eu-west-2:lambda:path/2015-03-31/functions/arn:aws:lambda:eu-west-2:838083752119:function:rs-welcome/invocations",
            "kms_key_arn": "",
            "last_modified": "2020-01-28T17:27:11.291+0000",
            "layers": [],
            "memory_size": 128,
            "publish": false,
            "qualified_arn": "arn:aws:lambda:eu-west-2:838083752119:function:rs-welcome:$LATEST",
            "reserved_concurrent_executions": -1,
            "role": "arn:aws:iam::838083752119:role/rubber-stamp-lambda-execution",
            "runtime": "nodejs12.x",
            "s3_bucket": null,
            "s3_key": null,
            "s3_object_version": null,
            "source_code_hash": "QWu32tzdI0/vtC1ct/hKuMb9FiLUE2tpQaZJAexAdao=",
            "source_code_size": 399,
            "tags": {},
            "timeout": 3,
            "timeouts": null,
            "tracing_config": [
              {
                "mode": "PassThrough"
              }
            ],
            "version": "$LATEST",
            "vpc_config": []
          },
          "private": "eyJlMmJmYjczMC1lY2FhLTExZTYtOGY4OC0zNDM2M2JjN2M0YzAiOnsiY3JlYXRlIjo2MDAwMDAwMDAwMDB9fQ==",
          "dependencies": [
            "aws_iam_role.lambda_role"
          ]
        }
      ]
    },
    {
      "mode": "managed",
      "type": "aws_lambda_permission",
      "name": "apigw_lambda_approved",
      "provider": "provider.aws",
      "instances": [
        {
          "schema_version": 0,
          "attributes": {
            "action": "lambda:InvokeFunction",
            "event_source_token": null,
            "function_name": "rs-welcome",
            "id": "AllowExecutionFromAPIGatewayApproved",
            "principal": "apigateway.amazonaws.com",
            "qualifier": "",
            "source_account": null,
            "source_arn": "arn:aws:execute-api:eu-west-2:838083752119:t5rocjdrj3/*/GET/approved",
            "statement_id": "AllowExecutionFromAPIGatewayApproved",
            "statement_id_prefix": null
          },
          "private": "bnVsbA==",
          "dependencies": [
            "aws_api_gateway_method.get-approved",
            "aws_api_gateway_resource.approved",
            "aws_api_gateway_rest_api.api",
            "aws_iam_role.lambda_role",
            "aws_lambda_function.lambda_welcome"
          ]
        }
      ]
    },
    {
      "mode": "managed",
      "type": "aws_lambda_permission",
      "name": "apigw_lambda_welcome",
      "provider": "provider.aws",
      "instances": [
        {
          "schema_version": 0,
          "attributes": {
            "action": "lambda:InvokeFunction",
            "event_source_token": null,
            "function_name": "rs-welcome",
            "id": "AllowExecutionFromAPIGatewayWelcome",
            "principal": "apigateway.amazonaws.com",
            "qualifier": "",
            "source_account": null,
            "source_arn": "arn:aws:execute-api:eu-west-2:838083752119:t5rocjdrj3/*/GET/welcome",
            "statement_id": "AllowExecutionFromAPIGatewayWelcome",
            "statement_id_prefix": null
          },
          "private": "bnVsbA==",
          "dependencies": [
            "aws_api_gateway_method.get-welcomed",
            "aws_api_gateway_resource.welcome",
            "aws_api_gateway_rest_api.api",
            "aws_iam_role.lambda_role",
            "aws_lambda_function.lambda_welcome"
          ]
        }
      ]
    }
  ]
}
